
Microsoft Visual Studio Solution File, Format Version 12.00
# Visual Studio Version 16
VisualStudioVersion = 16.0.29709.97
MinimumVisualStudioVersion = 10.0.40219.1
Project("{FAE04EC0-301F-11D3-BF4B-00C04F79EFBC}") = "Clinic", "Clinic\Clinic.csproj", "{07E9C3C7-E1F2-45A4-A698-C8A631CBB58F}"
EndProject
Project("{FAE04EC0-301F-11D3-BF4B-00C04F79EFBC}") = "DAL_Clinic", "DAL_Clinic\DAL_Clinic.csproj", "{F084402A-48B4-46DE-96EB-1C0D0C369937}"
EndProject
Project("{FAE04EC0-301F-11D3-BF4B-00C04F79EFBC}") = "DTO_Clinic", "DTO_Clinic\DTO_Clinic.csproj", "{E94AB28E-7AA2-47AF-BE02-75077167ECF8}"
EndProject
Project("{FAE04EC0-301F-11D3-BF4B-00C04F79EFBC}") = "BUS_Clinic", "BUS_Clinic\BUS_Clinic.csproj", "{8319B571-FDC8-45AD-8D01-BBF6FC85ADA1}"
EndProject
Global
	GlobalSection(SolutionConfigurationPlatforms) = preSolution
		Debug|Any CPU = Debug|Any CPU
		Release|Any CPU = Release|Any CPU
	EndGlobalSection
	GlobalSection(ProjectConfigurationPlatforms) = postSolution
		{07E9C3C7-E1F2-45A4-A698-C8A631CBB58F}.Debug|Any CPU.ActiveCfg = Debug|Any CPU
		{07E9C3C7-E1F2-45A4-A698-C8A631CBB58F}.Debug|Any CPU.Build.0 = Debug|Any CPU
		{07E9C3C7-E1F2-45A4-A698-C8A631CBB58F}.Release|Any CPU.ActiveCfg = Release|Any CPU
		{07E9C3C7-E1F2-45A4-A698-C8A631CBB58F}.Release|Any CPU.Build.0 = Release|Any CPU
		{F084402A-48B4-46DE-96EB-1C0D0C369937}.Debug|Any CPU.ActiveCfg = Debug|Any CPU
		{F084402A-48B4-46DE-96EB-1C0D0C369937}.Debug|Any CPU.Build.0 = Debug|Any CPU
		{F084402A-48B4-46DE-96EB-1C0D0C369937}.Release|Any CPU.ActiveCfg = Release|Any CPU
		{F084402A-48B4-46DE-96EB-1C0D0C369937}.Release|Any CPU.Build.0 = Release|Any CPU
		{E94AB28E-7AA2-47AF-BE02-75077167ECF8}.Debug|Any CPU.ActiveCfg = Debug|Any CPU
		{E94AB28E-7AA2-47AF-BE02-75077167ECF8}.Debug|Any CPU.Build.0 = Debug|Any CPU
		{E94AB28E-7AA2-47AF-BE02-75077167ECF8}.Release|Any CPU.ActiveCfg = Release|Any CPU
		{E94AB28E-7AA2-47AF-BE02-75077167ECF8}.Release|Any CPU.Build.0 = Release|Any CPU
		{8319B571-FDC8-45AD-8D01-BBF6FC85ADA1}.Debug|Any CPU.ActiveCfg = Debug|Any CPU
		{8319B571-FDC8-45AD-8D01-BBF6FC85ADA1}.Debug|Any CPU.Build.0 = Debug|Any CPU
		{8319B571-FDC8-45AD-8D01-BBF6FC85ADA1}.Release|Any CPU.ActiveCfg = Release|Any CPU
		{8319B571-FDC8-45AD-8D01-BBF6FC85ADA1}.Release|Any CPU.Build.0 = Release|Any CPU
	EndGlobalSection
	GlobalSection(SolutionProperties) = preSolution
		HideSolutionNode = FALSE
	EndGlobalSection
	GlobalSection(ExtensibilityGlobals) = postSolution
		SolutionGuid = {F0AF7E06-E81D-4151-8208-E4D33BBF4F0F}
	EndGlobalSection
EndGlobal
